{
  "name": "meteorDeploy",
  "lockfileVersion": 3,
  "requires": true,
  "packages": {
    "": {
      "dependencies": {
        "cjson": "^0.5.0",
        "moment": "^2.30.1"
      }
    },
    "node_modules/cjson": {
      "version": "0.5.0",
      "resolved": "https://registry.npmjs.org/cjson/-/cjson-0.5.0.tgz",
      "integrity": "sha512-D3CKJU9YnZNyerUQ1IzNUvMnToP3MGC2XbIAPi/7yqunJJW3rBwCVapousoFtaR9IbejeEM0KIshxC1n4HQcXw==",
      "license": "MIT",
      "dependencies": {
        "json-parse-helpfulerror": "^1.0.3"
      },
      "engines": {
        "node": ">= 0.3.0"
      }
    },
    "node_modules/jju": {
      "version": "1.4.0",
      "resolved": "https://registry.npmjs.org/jju/-/jju-1.4.0.tgz",
      "integrity": "sha512-8wb9Yw966OSxApiCt0K3yNJL8pnNeIv+OEq2YMidz4FKP6nonSRoOXc80iXY4JaN2FC11B9qsNmDsm+ZOfMROA==",
      "license": "MIT"
    },
    "node_modules/json-parse-helpfulerror": {
      "version": "1.0.3",
      "resolved": "https://registry.npmjs.org/json-parse-helpfulerror/-/json-parse-helpfulerror-1.0.3.tgz",
      "integrity": "sha512-XgP0FGR77+QhUxjXkwOMkC94k3WtqEBfcnjWqhRd82qTat4SWKRE+9kUnynz/shm3I4ea2+qISvTIeGTNU7kJg==",
      "license": "MIT",
      "dependencies": {
        "jju": "^1.1.0"
      }
    },
    "node_modules/moment": {
      "version": "2.30.1",
      "resolved": "https://registry.npmjs.org/moment/-/moment-2.30.1.tgz",
      "integrity": "sha512-uEmtNhbDOrWPFS+hdjFCBfy9f2YoyzRpwcl+DqpC6taX21FzsTLQVbMV/W7PzNSX6x/bhC1zA3c2UQ5NzH6how==",
      "license": "MIT",
      "engines": {
        "node": "*"
      }
    }
  }
}
